
Microsoft Visual Studio Solution File, Format Version 12.00
# Visual Studio Version 17
VisualStudioVersion = 17.7.34031.279
MinimumVisualStudioVersion = 10.0.40219.1
Project("{FAE04EC0-301F-11D3-BF4B-00C04F79EFBC}") = "CarDealerSupportSystem", "CarDealerSupportSystem.csproj", "{B8B9B947-CD8C-486D-9F03-E6872871C27B}"
EndProject
Global
	GlobalSection(SolutionConfigurationPlatforms) = preSolution
		Debug|Any CPU = Debug|Any CPU
		Release|Any CPU = Release|Any CPU
	EndGlobalSection
	GlobalSection(ProjectConfigurationPlatforms) = postSolution
		{B8B9B947-CD8C-486D-9F03-E6872871C27B}.Debug|Any CPU.ActiveCfg = Debug|Any CPU
		{B8B9B947-CD8C-486D-9F03-E6872871C27B}.Debug|Any CPU.Build.0 = Debug|Any CPU
		{B8B9B947-CD8C-486D-9F03-E6872871C27B}.Release|Any CPU.ActiveCfg = Release|Any CPU
		{B8B9B947-CD8C-486D-9F03-E6872871C27B}.Release|Any CPU.Build.0 = Release|Any CPU
	EndGlobalSection
	GlobalSection(SolutionProperties) = preSolution
		HideSolutionNode = FALSE
	EndGlobalSection
	GlobalSection(ExtensibilityGlobals) = postSolution
		SolutionGuid = {EBD692F4-FA76-4D5C-A067-63CD2BEC8217}
	EndGlobalSection
EndGlobal
